
Microsoft Visual Studio Solution File, Format Version 12.00
# Visual Studio Version 16
VisualStudioVersion = 16.0.30803.129
MinimumVisualStudioVersion = 10.0.40219.1
Project("{FAE04EC0-301F-11D3-BF4B-00C04F79EFBC}") = "Client", "Client\Client.csproj", "{0AACEE8B-A0EB-4F9A-B9E5-2F6A6B0C7914}"
EndProject
Project("{FAE04EC0-301F-11D3-BF4B-00C04F79EFBC}") = "Server", "Server\Server.csproj", "{C1F7A6D6-8C8A-49EA-8305-433D40731677}"
EndProject
Global
	GlobalSection(SolutionConfigurationPlatforms) = preSolution
		Debug|Any CPU = Debug|Any CPU
		Release|Any CPU = Release|Any CPU
	EndGlobalSection
	GlobalSection(ProjectConfigurationPlatforms) = postSolution
		{0AACEE8B-A0EB-4F9A-B9E5-2F6A6B0C7914}.Debug|Any CPU.ActiveCfg = Debug|Any CPU
		{0AACEE8B-A0EB-4F9A-B9E5-2F6A6B0C7914}.Debug|Any CPU.Build.0 = Debug|Any CPU
		{0AACEE8B-A0EB-4F9A-B9E5-2F6A6B0C7914}.Release|Any CPU.ActiveCfg = Release|Any CPU
		{0AACEE8B-A0EB-4F9A-B9E5-2F6A6B0C7914}.Release|Any CPU.Build.0 = Release|Any CPU
		{C1F7A6D6-8C8A-49EA-8305-433D40731677}.Debug|Any CPU.ActiveCfg = Debug|Any CPU
		{C1F7A6D6-8C8A-49EA-8305-433D40731677}.Debug|Any CPU.Build.0 = Debug|Any CPU
		{C1F7A6D6-8C8A-49EA-8305-433D40731677}.Release|Any CPU.ActiveCfg = Release|Any CPU
		{C1F7A6D6-8C8A-49EA-8305-433D40731677}.Release|Any CPU.Build.0 = Release|Any CPU
	EndGlobalSection
	GlobalSection(SolutionProperties) = preSolution
		HideSolutionNode = FALSE
	EndGlobalSection
	GlobalSection(ExtensibilityGlobals) = postSolution
		SolutionGuid = {F4409ECD-B30D-412C-81EB-C627C13249DB}
	EndGlobalSection
EndGlobal
